<?xml version="1.0" encoding="utf-8"?>
<Project ToolsVersion="4.0" xmlns="http://schemas.microsoft.com/developer/msbuild/2003">
  <ItemGroup>
    <Filter Include="SubSystem">
      <UniqueIdentifier>{35f17c59-5333-49a8-a4c5-e7dccda413fb}</UniqueIdentifier>
    </Filter>
    <Filter Include="ThirdParty">
      <UniqueIdentifier>{8c8e154f-1197-45a3-b5e5-e0c660f74979}</UniqueIdentifier>
    </Filter>
    <Filter Include="ThirdParty\DirectTex">
      <UniqueIdentifier>{f8271eec-53fc-4a43-b844-ce74879cc976}</UniqueIdentifier>
    </Filter>
    <Filter Include="ThirdParty\FMOD">
      <UniqueIdentifier>{09632076-7c5b-408b-bf36-a16b808aac8c}</UniqueIdentifier>
    </Filter>
    <Filter Include="ThirdParty\imgui">
      <UniqueIdentifier>{fe11058b-24a4-4a4d-9a6d-65bc09986960}</UniqueIdentifier>
    </Filter>
    <Filter Include="SubSystem\Audio">
      <UniqueIdentifier>{280d0a0f-b395-493f-9b59-ac4225d9e233}</UniqueIdentifier>
    </Filter>
    <Filter Include="SubSystem\Gui">
      <UniqueIdentifier>{64d3f7a4-7f6b-4490-b1ee-e456f9fec62e}</UniqueIdentifier>
    </Filter>
    <Filter Include="SubSystem\Input">
      <UniqueIdentifier>{cbd31513-91ed-49d3-ae9d-8fc557513c0e}</UniqueIdentifier>
    </Filter>
    <Filter Include="SubSystem\Renderer">
      <UniqueIdentifier>{6e0b70b8-019c-401b-a309-e48adaeac6c0}</UniqueIdentifier>
    </Filter>
    <Filter Include="SubSystem\Scene">
      <UniqueIdentifier>{97fa475a-e3bf-4d5f-9e7d-a9c3f3f41934}</UniqueIdentifier>
    </Filter>
    <Filter Include="SubSystem\Timer">
      <UniqueIdentifier>{532a8617-9fdf-443b-998f-9d23d0617ac9}</UniqueIdentifier>
    </Filter>
    <Filter Include="SubSystem\Window">
      <UniqueIdentifier>{cf390bbc-9dd6-471e-ad1e-b523c8209bf7}</UniqueIdentifier>
    </Filter>
    <Filter Include="SubSystem\Renderer\D3D11">
      <UniqueIdentifier>{95cad495-08d1-4bee-869d-45a743804919}</UniqueIdentifier>
    </Filter>
    <Filter Include="SubSystem\Renderer\D3D12">
      <UniqueIdentifier>{07c26028-c438-4ccf-98a4-d6ff0dee0571}</UniqueIdentifier>
    </Filter>
    <Filter Include="SubSystem\Renderer\Geometry">
      <UniqueIdentifier>{17b2c961-e7ef-4c42-8b08-7715a34de3ee}</UniqueIdentifier>
    </Filter>
    <Filter Include="SubSystem\Renderer\Shader">
      <UniqueIdentifier>{d232027f-c82e-4669-8357-317b91104de2}</UniqueIdentifier>
    </Filter>
    <Filter Include="SubSystem\Renderer\Shader\Core">
      <UniqueIdentifier>{676e59f5-ce95-4a97-aff3-9b7f6d31b0a8}</UniqueIdentifier>
    </Filter>
    <Filter Include="SubSystem\Renderer\Shader\PostEffect">
      <UniqueIdentifier>{241629f5-a90c-4fd3-8adc-24ddf0ee6349}</UniqueIdentifier>
    </Filter>
    <Filter Include="SubSystem\JobSystem">
      <UniqueIdentifier>{529c6c42-84ab-4d39-ab6a-95e62f6c7ae8}</UniqueIdentifier>
    </Filter>
    <Filter Include="SubSystem\JobSystem\Async">
      <UniqueIdentifier>{aa6cecbe-b05f-4547-b8e8-9f0e7304f4f5}</UniqueIdentifier>
    </Filter>
    <Filter Include="SubSystem\JobSystem\Sync">
      <UniqueIdentifier>{012feeaa-38e7-446d-986f-f37aeb505621}</UniqueIdentifier>
    </Filter>
    <Filter Include="SubSystem\Core">
      <UniqueIdentifier>{0fd78cdb-762b-452b-8ae5-a2c8cde2b268}</UniqueIdentifier>
    </Filter>
    <Filter Include="SubSystem\Core\Math">
      <UniqueIdentifier>{ff21058c-dc1e-4828-8073-47b9cca19db0}</UniqueIdentifier>
    </Filter>
    <Filter Include="SubSystem\Log">
      <UniqueIdentifier>{74c41bea-ae8c-474c-b867-5e62f3ecd1fd}</UniqueIdentifier>
    </Filter>
    <Filter Include="SubSystem\Core\I/O">
      <UniqueIdentifier>{df150d7e-279f-4e7f-8265-4cd9480a5f28}</UniqueIdentifier>
    </Filter>
    <Filter Include="SubSystem\Core\Common">
      <UniqueIdentifier>{49020388-a70a-4e9c-acb4-1e2aedea659e}</UniqueIdentifier>
    </Filter>
    <Filter Include="SubSystem\Scene\Component">
      <UniqueIdentifier>{24d58877-a16c-4f5b-bcde-19c218beb082}</UniqueIdentifier>
    </Filter>
    <Filter Include="SubSystem\Core\Event">
      <UniqueIdentifier>{536c86d3-9167-4277-a6b8-66676c9ca96e}</UniqueIdentifier>
    </Filter>
    <Filter Include="SubSystem\Scene\Component\Conponents">
      <UniqueIdentifier>{85f3318e-a0f6-4007-823b-b71a6911367a}</UniqueIdentifier>
    </Filter>
    <Filter Include="SubSystem\Scene\Factory">
      <UniqueIdentifier>{fe75741e-2c2d-49d1-8bc6-b584a0cdfe0a}</UniqueIdentifier>
    </Filter>
    <Filter Include="SubSystem\Audio\FMOD">
      <UniqueIdentifier>{530113f8-792c-495e-9900-300583077fc2}</UniqueIdentifier>
    </Filter>
    <Filter Include="SubSystem\Resource">
      <UniqueIdentifier>{994b5407-09a6-4b77-a937-a7ff952e7d20}</UniqueIdentifier>
    </Filter>
    <Filter Include="SubSystem\Resource\ResourceLoader">
      <UniqueIdentifier>{85ade1d6-5613-4c82-a5e0-859c3924aa22}</UniqueIdentifier>
    </Filter>
    <Filter Include="SubSystem\Resource\ResourceLoader\ModelLoader">
      <UniqueIdentifier>{a46b9be4-770d-4bdb-9b76-a9c83eda8eaa}</UniqueIdentifier>
    </Filter>
    <Filter Include="SubSystem\Resource\ResourceLoader\TextureLoader">
      <UniqueIdentifier>{72bc2d25-057b-4167-9f80-735263159eb7}</UniqueIdentifier>
    </Filter>
    <Filter Include="SubSystem\Resource\Resources">
      <UniqueIdentifier>{16da4491-7f17-42e6-98f1-d544cfbb8462}</UniqueIdentifier>
    </Filter>
    <Filter Include="SubSystem\Resource\Resources\3DModel">
      <UniqueIdentifier>{c01ae5b3-ac52-4987-afbb-6fd408cf7948}</UniqueIdentifier>
    </Filter>
    <Filter Include="SubSystem\Resource\Resources\Audio">
      <UniqueIdentifier>{4e2e722f-2322-48cb-aff9-9ba3deb9ce19}</UniqueIdentifier>
    </Filter>
  </ItemGroup>
  <ItemGroup>
    <ClCompile Include="Program\WinMain.cpp" />
    <ClCompile Include="Program\ThirdParty\directxtex\include\DDSTextureLoader.cpp">
      <Filter>ThirdParty\DirectTex</Filter>
    </ClCompile>
    <ClCompile Include="Program\ThirdParty\directxtex\include\WICTextureLoader.cpp">
      <Filter>ThirdParty\DirectTex</Filter>
    </ClCompile>
    <ClCompile Include="Program\SubSystem\Audio\Audio.cpp">
      <Filter>SubSystem\Audio</Filter>
    </ClCompile>
    <ClCompile Include="Program\SubSystem\Gui\MyGui.cpp">
      <Filter>SubSystem\Gui</Filter>
    </ClCompile>
    <ClCompile Include="Program\SubSystem\Input\Input.cpp">
      <Filter>SubSystem\Input</Filter>
    </ClCompile>
    <ClCompile Include="Program\SubSystem\Log\DebugLog.cpp">
      <Filter>SubSystem\Log</Filter>
    </ClCompile>
    <ClCompile Include="Program\SubSystem\Window\Window.cpp">
      <Filter>SubSystem\Window</Filter>
    </ClCompile>
    <ClCompile Include="Program\SubSystem\Timer\Timer.cpp">
      <Filter>SubSystem\Timer</Filter>
    </ClCompile>
    <ClCompile Include="Program\SubSystem\Resource\ResourceManager.cpp">
      <Filter>SubSystem\Resource</Filter>
    </ClCompile>
    <ClCompile Include="Program\SubSystem\Resource\Resources\3DModel\Texture.cpp">
      <Filter>SubSystem\Resource\Resources\3DModel</Filter>
    </ClCompile>
    <ClCompile Include="Program\SubSystem\Resource\Resources\Audio\AudioClip.cpp">
      <Filter>SubSystem\Resource\Resources\Audio</Filter>
    </ClCompile>
    <ClCompile Include="Program\SubSystem\Resource\Resources\IResource.cpp">
      <Filter>SubSystem\Resource\Resources</Filter>
    </ClCompile>
    <ClCompile Include="Program\SubSystem\Renderer\D3D11\D3D11ComputeShader.cpp">
      <Filter>SubSystem\Renderer\D3D11</Filter>
    </ClCompile>
    <ClCompile Include="Program\SubSystem\Renderer\D3D11\D3D11GrahicsDevice.cpp">
      <Filter>SubSystem\Renderer\D3D11</Filter>
    </ClCompile>
    <ClCompile Include="Program\SubSystem\Renderer\D3D11\D3D11IndexBuffer.cpp">
      <Filter>SubSystem\Renderer\D3D11</Filter>
    </ClCompile>
    <ClCompile Include="Program\SubSystem\Renderer\D3D11\D3D11InputLayout.cpp">
      <Filter>SubSystem\Renderer\D3D11</Filter>
    </ClCompile>
    <ClCompile Include="Program\SubSystem\Renderer\D3D11\D3D11PixelShader.cpp">
      <Filter>SubSystem\Renderer\D3D11</Filter>
    </ClCompile>
    <ClCompile Include="Program\SubSystem\Renderer\D3D11\D3D11RenderTexture.cpp">
      <Filter>SubSystem\Renderer\D3D11</Filter>
    </ClCompile>
    <ClCompile Include="Program\SubSystem\Renderer\D3D11\D3D11SamplerState.cpp">
      <Filter>SubSystem\Renderer\D3D11</Filter>
    </ClCompile>
    <ClCompile Include="Program\SubSystem\Renderer\D3D11\D3D11Shader.cpp">
      <Filter>SubSystem\Renderer\D3D11</Filter>
    </ClCompile>
    <ClCompile Include="Program\SubSystem\Renderer\D3D11\D3D11Texture.cpp">
      <Filter>SubSystem\Renderer\D3D11</Filter>
    </ClCompile>
    <ClCompile Include="Program\SubSystem\Renderer\D3D11\D3D11VertexShader.cpp">
      <Filter>SubSystem\Renderer\D3D11</Filter>
    </ClCompile>
    <ClCompile Include="Program\SubSystem\Renderer\D3D12\D3D12CommandContext.cpp">
      <Filter>SubSystem\Renderer\D3D12</Filter>
    </ClCompile>
    <ClCompile Include="Program\SubSystem\Renderer\D3D12\D3D12DescriptorHeap.cpp">
      <Filter>SubSystem\Renderer\D3D12</Filter>
    </ClCompile>
    <ClCompile Include="Program\SubSystem\Renderer\D3D12\D3D12DeviceChild.cpp">
      <Filter>SubSystem\Renderer\D3D12</Filter>
    </ClCompile>
    <ClCompile Include="Program\SubSystem\Renderer\D3D12\D3D12Fence.cpp">
      <Filter>SubSystem\Renderer\D3D12</Filter>
    </ClCompile>
    <ClCompile Include="Program\SubSystem\Renderer\D3D12\D3D12GrahicsDevice.cpp">
      <Filter>SubSystem\Renderer\D3D12</Filter>
    </ClCompile>
    <ClCompile Include="Program\SubSystem\Renderer\D3D12\D3D12IndexBuffer.cpp">
      <Filter>SubSystem\Renderer\D3D12</Filter>
    </ClCompile>
    <ClCompile Include="Program\SubSystem\Renderer\D3D12\D3D12PipelineState.cpp">
      <Filter>SubSystem\Renderer\D3D12</Filter>
    </ClCompile>
    <ClCompile Include="Program\SubSystem\Renderer\D3D12\D3D12RenderTexture.cpp">
      <Filter>SubSystem\Renderer\D3D12</Filter>
    </ClCompile>
    <ClCompile Include="Program\SubSystem\Renderer\D3D12\D3D12RootSignature.cpp">
      <Filter>SubSystem\Renderer\D3D12</Filter>
    </ClCompile>
    <ClCompile Include="Program\SubSystem\Renderer\D3D12\D3D12Shader.cpp">
      <Filter>SubSystem\Renderer\D3D12</Filter>
    </ClCompile>
    <ClCompile Include="Program\SubSystem\Renderer\D3D12\D3D12Texture.cpp">
      <Filter>SubSystem\Renderer\D3D12</Filter>
    </ClCompile>
    <ClCompile Include="Program\SubSystem\Renderer\Renderer.cpp">
      <Filter>SubSystem\Renderer</Filter>
    </ClCompile>
    <ClCompile Include="Program\SubSystem\Renderer\TransformCBuffer.cpp">
      <Filter>SubSystem\Renderer</Filter>
    </ClCompile>
    <ClCompile Include="Program\SubSystem\Core\Math\Matrix.cpp">
      <Filter>SubSystem\Core\Math</Filter>
    </ClCompile>
    <ClCompile Include="Program\SubSystem\Core\Math\Vector2.cpp">
      <Filter>SubSystem\Core\Math</Filter>
    </ClCompile>
    <ClCompile Include="Program\SubSystem\Core\Math\Vector3.cpp">
      <Filter>SubSystem\Core\Math</Filter>
    </ClCompile>
    <ClCompile Include="Program\SubSystem\Core\IO\FileStream.cpp">
      <Filter>SubSystem\Core\I/O</Filter>
    </ClCompile>
    <ClCompile Include="Program\SubSystem\Core\Common\COM.cpp">
      <Filter>SubSystem\Core\Common</Filter>
    </ClCompile>
    <ClCompile Include="Program\SubSystem\Core\Common\Tools.cpp">
      <Filter>SubSystem\Core\Common</Filter>
    </ClCompile>
    <ClCompile Include="Program\SubSystem\JobSystem\Async\AsyncJob.cpp">
      <Filter>SubSystem\JobSystem\Async</Filter>
    </ClCompile>
    <ClCompile Include="Program\SubSystem\JobSystem\Async\AsyncJobSystem.cpp">
      <Filter>SubSystem\JobSystem\Async</Filter>
    </ClCompile>
    <ClCompile Include="Program\SubSystem\JobSystem\Sync\Job.cpp">
      <Filter>SubSystem\JobSystem\Sync</Filter>
    </ClCompile>
    <ClCompile Include="Program\SubSystem\JobSystem\Sync\JobSystem.cpp">
      <Filter>SubSystem\JobSystem\Sync</Filter>
    </ClCompile>
    <ClCompile Include="Program\SubSystem\Core\Engine.cpp">
      <Filter>SubSystem\Core</Filter>
    </ClCompile>
    <ClCompile Include="Program\ThirdParty\imgui\imgui_impl_dx11.cpp">
      <Filter>ThirdParty\imgui</Filter>
    </ClCompile>
    <ClCompile Include="Program\ThirdParty\imgui\imgui_impl_win32.cpp">
      <Filter>ThirdParty\imgui</Filter>
    </ClCompile>
    <ClCompile Include="Program\ThirdParty\imgui\imgui_tables.cpp">
      <Filter>ThirdParty\imgui</Filter>
    </ClCompile>
    <ClCompile Include="Program\ThirdParty\imgui\imgui_widgets.cpp">
      <Filter>ThirdParty\imgui</Filter>
    </ClCompile>
    <ClCompile Include="Program\ThirdParty\imgui\imgui.cpp">
      <Filter>ThirdParty\imgui</Filter>
    </ClCompile>
    <ClCompile Include="Program\ThirdParty\imgui\imgui_demo.cpp">
      <Filter>ThirdParty\imgui</Filter>
    </ClCompile>
    <ClCompile Include="Program\ThirdParty\imgui\imgui_draw.cpp">
      <Filter>ThirdParty\imgui</Filter>
    </ClCompile>
    <ClCompile Include="Program\SubSystem\Core\Event\EventManager.cpp">
      <Filter>SubSystem\Core\Event</Filter>
    </ClCompile>
    <ClCompile Include="Program\SubSystem\Input\InputEvents.cpp">
      <Filter>SubSystem\Input</Filter>
    </ClCompile>
    <ClCompile Include="Program\SubSystem\Scene\World.cpp">
      <Filter>SubSystem\Scene</Filter>
    </ClCompile>
    <ClCompile Include="Program\SubSystem\Core\Context.cpp">
      <Filter>SubSystem\Core</Filter>
    </ClCompile>
    <ClCompile Include="Program\SubSystem\Scene\Component\IComponent.cpp">
      <Filter>SubSystem\Scene\Component</Filter>
    </ClCompile>
    <ClCompile Include="Program\SubSystem\Scene\Component\Components\AudioListener.cpp">
      <Filter>SubSystem\Scene\Component\Conponents</Filter>
    </ClCompile>
    <ClCompile Include="Program\SubSystem\Scene\Component\Components\AudioSpeaker.cpp">
      <Filter>SubSystem\Scene\Component\Conponents</Filter>
    </ClCompile>
    <ClCompile Include="Program\SubSystem\Scene\Component\Transform.cpp">
      <Filter>SubSystem\Scene\Component</Filter>
    </ClCompile>
    <ClCompile Include="Program\SubSystem\Scene\GameObject.cpp">
      <Filter>SubSystem\Scene</Filter>
    </ClCompile>
    <ClCompile Include="Program\SubSystem\Scene\Factory\ComponentFactory.cpp">
      <Filter>SubSystem\Scene\Factory</Filter>
    </ClCompile>
    <ClCompile Include="Program\SubSystem\Scene\Factory\GameObjectFactory.cpp">
      <Filter>SubSystem\Scene\Factory</Filter>
    </ClCompile>
    <ClCompile Include="Program\SubSystem\Renderer\D3D11\RenderStates.cpp">
      <Filter>SubSystem\Renderer\D3D11</Filter>
    </ClCompile>
    <ClCompile Include="Program\SubSystem\Scene\Component\Components\RenderObject.cpp">
      <Filter>SubSystem\Scene\Component\Conponents</Filter>
    </ClCompile>
    <ClCompile Include="Program\SubSystem\Resource\Resources\3DModel\Mesh.cpp">
      <Filter>SubSystem\Resource\Resources\3DModel</Filter>
    </ClCompile>
    <ClCompile Include="Program\SubSystem\Resource\Resources\3DModel\Material.cpp">
      <Filter>SubSystem\Resource\Resources\3DModel</Filter>
    </ClCompile>
    <ClCompile Include="Program\SubSystem\Resource\ResourceLoader\ModelLoader\ModelLoader.cpp">
      <Filter>SubSystem\Resource\ResourceLoader\ModelLoader</Filter>
    </ClCompile>
    <ClCompile Include="Program\SubSystem\Resource\Resources\3DModel\Model.cpp">
      <Filter>SubSystem\Resource\Resources\3DModel</Filter>
    </ClCompile>
    <ClCompile Include="Program\SubSystem\Core\IO\FileSystem.cpp">
      <Filter>SubSystem\Core\I/O</Filter>
    </ClCompile>
    <ClCompile Include="Program\SubSystem\Core\ISubsystem.cpp">
      <Filter>SubSystem\Core</Filter>
    </ClCompile>
    <ClCompile Include="Program\SubSystem\Resource\ResourceLoader\TextureLoader\TextureLoader.cpp">
      <Filter>SubSystem\Resource\ResourceLoader\TextureLoader</Filter>
    </ClCompile>
    <ClCompile Include="Program\SubSystem\Scene\Component\Components\Camera.cpp">
      <Filter>SubSystem\Scene\Component\Conponents</Filter>
    </ClCompile>
    <ClCompile Include="Program\SubSystem\Scene\Component\Components\Light.cpp">
      <Filter>SubSystem\Scene\Component\Conponents</Filter>
    </ClCompile>
    <ClCompile Include="Program\SubSystem\Renderer\LightMap.cpp">
      <Filter>SubSystem\Renderer</Filter>
    </ClCompile>
    <ClCompile Include="Program\SubSystem\Audio\FMOD\FMODAudio.cpp">
      <Filter>SubSystem\Audio\FMOD</Filter>
    </ClCompile>
    <ClCompile Include="Program\SubSystem\Scene\TickFunction.cpp">
      <Filter>SubSystem\Scene</Filter>
    </ClCompile>
    <ClCompile Include="Program\SubSystem\Scene\TickManager.cpp">
      <Filter>SubSystem\Scene</Filter>
    </ClCompile>
    <ClCompile Include="Program\SubSystem\Scene\Component\Components\MeshRender.cpp">
      <Filter>SubSystem\Scene\Component\Conponents</Filter>
    </ClCompile>
  </ItemGroup>
  <ItemGroup>
    <ClInclude Include="Program\ThirdParty\FMOD\include\fmod.h">
      <Filter>ThirdParty\FMOD</Filter>
    </ClInclude>
    <ClInclude Include="Program\ThirdParty\FMOD\include\fmod.hpp">
      <Filter>ThirdParty\FMOD</Filter>
    </ClInclude>
    <ClInclude Include="Program\ThirdParty\FMOD\include\fmod_codec.h">
      <Filter>ThirdParty\FMOD</Filter>
    </ClInclude>
    <ClInclude Include="Program\ThirdParty\FMOD\include\fmod_common.h">
      <Filter>ThirdParty\FMOD</Filter>
    </ClInclude>
    <ClInclude Include="Program\ThirdParty\FMOD\include\fmod_dsp.h">
      <Filter>ThirdParty\FMOD</Filter>
    </ClInclude>
    <ClInclude Include="Program\ThirdParty\FMOD\include\fmod_dsp_effects.h">
      <Filter>ThirdParty\FMOD</Filter>
    </ClInclude>
    <ClInclude Include="Program\ThirdParty\FMOD\include\fmod_errors.h">
      <Filter>ThirdParty\FMOD</Filter>
    </ClInclude>
    <ClInclude Include="Program\ThirdParty\FMOD\include\fmod_output.h">
      <Filter>ThirdParty\FMOD</Filter>
    </ClInclude>
    <ClInclude Include="Program\SubSystem\Audio\Audio.h">
      <Filter>SubSystem\Audio</Filter>
    </ClInclude>
    <ClInclude Include="Program\SubSystem\Audio\AudioHelper.h">
      <Filter>SubSystem\Audio</Filter>
    </ClInclude>
    <ClInclude Include="Program\SubSystem\Gui\MyGui.h">
      <Filter>SubSystem\Gui</Filter>
    </ClInclude>
    <ClInclude Include="Program\SubSystem\Input\Input.h">
      <Filter>SubSystem\Input</Filter>
    </ClInclude>
    <ClInclude Include="Program\SubSystem\Log\DebugLog.h">
      <Filter>SubSystem\Log</Filter>
    </ClInclude>
    <ClInclude Include="Program\SubSystem\Window\Window.h">
      <Filter>SubSystem\Window</Filter>
    </ClInclude>
    <ClInclude Include="Program\SubSystem\Timer\Timer.h">
      <Filter>SubSystem\Timer</Filter>
    </ClInclude>
    <ClInclude Include="Program\SubSystem\Resource\ResourceManager.h">
      <Filter>SubSystem\Resource</Filter>
    </ClInclude>
    <ClInclude Include="Program\SubSystem\Resource\Resources\3DModel\Texture.h">
      <Filter>SubSystem\Resource\Resources\3DModel</Filter>
    </ClInclude>
    <ClInclude Include="Program\SubSystem\Resource\Resources\Audio\AudioClip.h">
      <Filter>SubSystem\Resource\Resources\Audio</Filter>
    </ClInclude>
    <ClInclude Include="Program\SubSystem\Resource\Resources\IResource.h">
      <Filter>SubSystem\Resource\Resources</Filter>
    </ClInclude>
    <ClInclude Include="Program\SubSystem\Renderer\D3D11\D3D11ConstantBuffer.h">
      <Filter>SubSystem\Renderer\D3D11</Filter>
    </ClInclude>
    <ClInclude Include="Program\SubSystem\Renderer\D3D11\D3D11DeviceChild.h">
      <Filter>SubSystem\Renderer\D3D11</Filter>
    </ClInclude>
    <ClInclude Include="Program\SubSystem\Renderer\D3D11\D3D11GrahicsDevice.h">
      <Filter>SubSystem\Renderer\D3D11</Filter>
    </ClInclude>
    <ClInclude Include="Program\SubSystem\Renderer\D3D11\D3D11IndexBuffer.h">
      <Filter>SubSystem\Renderer\D3D11</Filter>
    </ClInclude>
    <ClInclude Include="Program\SubSystem\Renderer\D3D11\D3D11InputLayout.h">
      <Filter>SubSystem\Renderer\D3D11</Filter>
    </ClInclude>
    <ClInclude Include="Program\SubSystem\Renderer\D3D11\D3D11RenderTexture.h">
      <Filter>SubSystem\Renderer\D3D11</Filter>
    </ClInclude>
    <ClInclude Include="Program\SubSystem\Renderer\D3D11\D3D11SamplerState.h">
      <Filter>SubSystem\Renderer\D3D11</Filter>
    </ClInclude>
    <ClInclude Include="Program\SubSystem\Renderer\D3D11\D3D11Shader.h">
      <Filter>SubSystem\Renderer\D3D11</Filter>
    </ClInclude>
    <ClInclude Include="Program\SubSystem\Renderer\D3D11\D3D11Texture.h">
      <Filter>SubSystem\Renderer\D3D11</Filter>
    </ClInclude>
    <ClInclude Include="Program\SubSystem\Renderer\D3D11\D3D11VertexBuffer.h">
      <Filter>SubSystem\Renderer\D3D11</Filter>
    </ClInclude>
    <ClInclude Include="Program\SubSystem\Renderer\D3D12\D3D12CommandContext.h">
      <Filter>SubSystem\Renderer\D3D12</Filter>
    </ClInclude>
    <ClInclude Include="Program\SubSystem\Renderer\D3D12\D3D12ConstantBuffer.h">
      <Filter>SubSystem\Renderer\D3D12</Filter>
    </ClInclude>
    <ClInclude Include="Program\SubSystem\Renderer\D3D12\D3D12DescriptorHeap.h">
      <Filter>SubSystem\Renderer\D3D12</Filter>
    </ClInclude>
    <ClInclude Include="Program\SubSystem\Renderer\D3D12\D3D12DeviceChild.h">
      <Filter>SubSystem\Renderer\D3D12</Filter>
    </ClInclude>
    <ClInclude Include="Program\SubSystem\Renderer\D3D12\D3D12GrahicsDevice.h">
      <Filter>SubSystem\Renderer\D3D12</Filter>
    </ClInclude>
    <ClInclude Include="Program\SubSystem\Renderer\D3D12\D3D12IndexBuffer.h">
      <Filter>SubSystem\Renderer\D3D12</Filter>
    </ClInclude>
    <ClInclude Include="Program\SubSystem\Renderer\D3D12\D3D12PipelineState.h">
      <Filter>SubSystem\Renderer\D3D12</Filter>
    </ClInclude>
    <ClInclude Include="Program\SubSystem\Renderer\D3D12\D3D12RenderTexture.h">
      <Filter>SubSystem\Renderer\D3D12</Filter>
    </ClInclude>
    <ClInclude Include="Program\SubSystem\Renderer\D3D12\D3D12RootSignature.h">
      <Filter>SubSystem\Renderer\D3D12</Filter>
    </ClInclude>
    <ClInclude Include="Program\SubSystem\Renderer\D3D12\D3D12Shader.h">
      <Filter>SubSystem\Renderer\D3D12</Filter>
    </ClInclude>
    <ClInclude Include="Program\SubSystem\Renderer\D3D12\D3D12Texture.h">
      <Filter>SubSystem\Renderer\D3D12</Filter>
    </ClInclude>
    <ClInclude Include="Program\SubSystem\Renderer\D3D12\D3D12VertexBuffer.h">
      <Filter>SubSystem\Renderer\D3D12</Filter>
    </ClInclude>
    <ClInclude Include="Program\SubSystem\Renderer\Renderer.h">
      <Filter>SubSystem\Renderer</Filter>
    </ClInclude>
    <ClInclude Include="Program\SubSystem\Renderer\TransformCBuffer.h">
      <Filter>SubSystem\Renderer</Filter>
    </ClInclude>
    <ClInclude Include="Program\SubSystem\Renderer\Geometry\Cube.h">
      <Filter>SubSystem\Renderer\Geometry</Filter>
    </ClInclude>
    <ClInclude Include="Program\SubSystem\Renderer\Geometry\Plane.h">
      <Filter>SubSystem\Renderer\Geometry</Filter>
    </ClInclude>
    <ClInclude Include="Program\SubSystem\Renderer\Geometry\Vertex.h">
      <Filter>SubSystem\Renderer\Geometry</Filter>
    </ClInclude>
    <ClInclude Include="Program\SubSystem\Core\Math\MathCore.h">
      <Filter>SubSystem\Core\Math</Filter>
    </ClInclude>
    <ClInclude Include="Program\SubSystem\Core\Math\MathHelper.h">
      <Filter>SubSystem\Core\Math</Filter>
    </ClInclude>
    <ClInclude Include="Program\SubSystem\Core\Math\Matrix.h">
      <Filter>SubSystem\Core\Math</Filter>
    </ClInclude>
    <ClInclude Include="Program\SubSystem\Core\Math\Vector2.h">
      <Filter>SubSystem\Core\Math</Filter>
    </ClInclude>
    <ClInclude Include="Program\SubSystem\Core\Math\Vector2T.h">
      <Filter>SubSystem\Core\Math</Filter>
    </ClInclude>
    <ClInclude Include="Program\SubSystem\Core\Math\Vector3.h">
      <Filter>SubSystem\Core\Math</Filter>
    </ClInclude>
    <ClInclude Include="Program\SubSystem\Core\Math\Vector3T.h">
      <Filter>SubSystem\Core\Math</Filter>
    </ClInclude>
    <ClInclude Include="Program\SubSystem\Core\Math\Vector4.h">
      <Filter>SubSystem\Core\Math</Filter>
    </ClInclude>
    <ClInclude Include="Program\SubSystem\Core\Math\Vector4T.h">
      <Filter>SubSystem\Core\Math</Filter>
    </ClInclude>
    <ClInclude Include="Program\SubSystem\Core\Math\VectorTypes.h">
      <Filter>SubSystem\Core\Math</Filter>
    </ClInclude>
    <ClInclude Include="Program\SubSystem\Core\IO\FileStream.h">
      <Filter>SubSystem\Core\I/O</Filter>
    </ClInclude>
    <ClInclude Include="Program\SubSystem\Core\Common\COM.h">
      <Filter>SubSystem\Core\Common</Filter>
    </ClInclude>
    <ClInclude Include="Program\SubSystem\Core\Common\Octree.h">
      <Filter>SubSystem\Core\Common</Filter>
    </ClInclude>
    <ClInclude Include="Program\SubSystem\Core\Common\Tools.h">
      <Filter>SubSystem\Core\Common</Filter>
    </ClInclude>
    <ClInclude Include="Program\SubSystem\Core\Common\Common.h">
      <Filter>SubSystem\Core\Common</Filter>
    </ClInclude>
    <ClInclude Include="Program\SubSystem\Core\Common\ProjectSettings.h">
      <Filter>SubSystem\Core\Common</Filter>
    </ClInclude>
    <ClInclude Include="Program\SubSystem\Core\Common\Hash.h">
      <Filter>SubSystem\Core\Common</Filter>
    </ClInclude>
    <ClInclude Include="Program\SubSystem\JobSystem\Async\AsyncJob.h">
      <Filter>SubSystem\JobSystem\Async</Filter>
    </ClInclude>
    <ClInclude Include="Program\SubSystem\JobSystem\Async\AsyncJobSystem.h">
      <Filter>SubSystem\JobSystem\Async</Filter>
    </ClInclude>
    <ClInclude Include="Program\SubSystem\JobSystem\Sync\Job.h">
      <Filter>SubSystem\JobSystem\Sync</Filter>
    </ClInclude>
    <ClInclude Include="Program\SubSystem\JobSystem\Sync\JobSystem.h">
      <Filter>SubSystem\JobSystem\Sync</Filter>
    </ClInclude>
    <ClInclude Include="Program\SubSystem\Core\Engine.h">
      <Filter>SubSystem\Core</Filter>
    </ClInclude>
    <ClInclude Include="Program\ThirdParty\imgui\imgui_impl_dx11.h">
      <Filter>ThirdParty\imgui</Filter>
    </ClInclude>
    <ClInclude Include="Program\ThirdParty\imgui\imgui_impl_win32.h">
      <Filter>ThirdParty\imgui</Filter>
    </ClInclude>
    <ClInclude Include="Program\ThirdParty\imgui\imgui_internal.h">
      <Filter>ThirdParty\imgui</Filter>
    </ClInclude>
    <ClInclude Include="Program\ThirdParty\imgui\imstb_rectpack.h">
      <Filter>ThirdParty\imgui</Filter>
    </ClInclude>
    <ClInclude Include="Program\ThirdParty\imgui\imstb_textedit.h">
      <Filter>ThirdParty\imgui</Filter>
    </ClInclude>
    <ClInclude Include="Program\ThirdParty\imgui\imstb_truetype.h">
      <Filter>ThirdParty\imgui</Filter>
    </ClInclude>
    <ClInclude Include="Program\ThirdParty\imgui\imconfig.h">
      <Filter>ThirdParty\imgui</Filter>
    </ClInclude>
    <ClInclude Include="Program\ThirdParty\imgui\imgui.h">
      <Filter>ThirdParty\imgui</Filter>
    </ClInclude>
    <ClInclude Include="Program\SubSystem\Core\Event\EventManager.h">
      <Filter>SubSystem\Core\Event</Filter>
    </ClInclude>
    <ClInclude Include="Program\SubSystem\Core\Event\Event.h">
      <Filter>SubSystem\Core\Event</Filter>
    </ClInclude>
    <ClInclude Include="Program\SubSystem\Core\Common\Macro.h">
      <Filter>SubSystem\Core\Common</Filter>
    </ClInclude>
    <ClInclude Include="Program\SubSystem\Core\ISubsystem.h">
      <Filter>SubSystem\Core</Filter>
    </ClInclude>
    <ClInclude Include="Program\SubSystem\Core\Context.h">
      <Filter>SubSystem\Core</Filter>
    </ClInclude>
    <ClInclude Include="Program\SubSystem\Core\Event\EventListener.h">
      <Filter>SubSystem\Core\Event</Filter>
    </ClInclude>
    <ClInclude Include="Program\SubSystem\Input\InputEvents.h">
      <Filter>SubSystem\Input</Filter>
    </ClInclude>
    <ClInclude Include="Program\SubSystem\Scene\World.h">
      <Filter>SubSystem\Scene</Filter>
    </ClInclude>
    <ClInclude Include="Program\SubSystem\Scene\Component\IComponent.h">
      <Filter>SubSystem\Scene\Component</Filter>
    </ClInclude>
    <ClInclude Include="Program\SubSystem\Scene\Component\Components\AudioListener.h">
      <Filter>SubSystem\Scene\Component\Conponents</Filter>
    </ClInclude>
    <ClInclude Include="Program\SubSystem\Scene\Component\Components\AudioSpeaker.h">
      <Filter>SubSystem\Scene\Component\Conponents</Filter>
    </ClInclude>
    <ClInclude Include="Program\SubSystem\Scene\Component\Transform.h">
      <Filter>SubSystem\Scene\Component</Filter>
    </ClInclude>
    <ClInclude Include="Program\SubSystem\Scene\GameObject.h">
      <Filter>SubSystem\Scene</Filter>
    </ClInclude>
    <ClInclude Include="Program\SubSystem\Scene\Factory\ComponentFactory.h">
      <Filter>SubSystem\Scene\Factory</Filter>
    </ClInclude>
    <ClInclude Include="Program\SubSystem\Scene\Factory\GameObjectFactory.h">
      <Filter>SubSystem\Scene\Factory</Filter>
    </ClInclude>
    <ClInclude Include="Program\SubSystem\Renderer\D3D11\RenderStates.h">
      <Filter>SubSystem\Renderer\D3D11</Filter>
    </ClInclude>
    <ClInclude Include="Program\SubSystem\Scene\Component\Components\RenderObject.h">
      <Filter>SubSystem\Scene\Component\Conponents</Filter>
    </ClInclude>
    <ClInclude Include="Program\SubSystem\Resource\Resources\3DModel\Mesh.h">
      <Filter>SubSystem\Resource\Resources\3DModel</Filter>
    </ClInclude>
    <ClInclude Include="Program\SubSystem\Resource\Resources\3DModel\Material.h">
      <Filter>SubSystem\Resource\Resources\3DModel</Filter>
    </ClInclude>
    <ClInclude Include="Program\SubSystem\Resource\ResourceLoader\ModelLoader\ModelLoader.h">
      <Filter>SubSystem\Resource\ResourceLoader\ModelLoader</Filter>
    </ClInclude>
    <ClInclude Include="Program\SubSystem\Resource\Resources\3DModel\Model.h">
      <Filter>SubSystem\Resource\Resources\3DModel</Filter>
    </ClInclude>
    <ClInclude Include="Program\SubSystem\Core\IO\FileSystem.h">
      <Filter>SubSystem\Core\I/O</Filter>
    </ClInclude>
    <ClInclude Include="Program\SubSystem\Resource\ResourceLoader\TextureLoader\TextureLoader.h">
      <Filter>SubSystem\Resource\ResourceLoader\TextureLoader</Filter>
    </ClInclude>
    <ClInclude Include="Program\SubSystem\Scene\Component\Components\Camera.h">
      <Filter>SubSystem\Scene\Component\Conponents</Filter>
    </ClInclude>
    <ClInclude Include="Program\SubSystem\Scene\Component\Components\Light.h">
      <Filter>SubSystem\Scene\Component\Conponents</Filter>
    </ClInclude>
    <ClInclude Include="Program\SubSystem\Renderer\LightMap.h">
      <Filter>SubSystem\Renderer</Filter>
    </ClInclude>
    <ClInclude Include="Program\SubSystem\Audio\FMOD\FMODAudio.h">
      <Filter>SubSystem\Audio\FMOD</Filter>
    </ClInclude>
    <ClInclude Include="Program\SubSystem\Scene\TickFunction.h">
      <Filter>SubSystem\Scene</Filter>
    </ClInclude>
    <ClInclude Include="Program\SubSystem\Scene\TickManager.h">
      <Filter>SubSystem\Scene</Filter>
    </ClInclude>
  </ItemGroup>
  <ItemGroup>
    <None Include="Program\ThirdParty\FMOD\include\fmod_dsp.cs">
      <Filter>ThirdParty\FMOD</Filter>
    </None>
    <None Include="Program\ThirdParty\FMOD\include\fmod_errors.cs">
      <Filter>ThirdParty\FMOD</Filter>
    </None>
    <None Include="Program\ThirdParty\FMOD\include\fmod.cs">
      <Filter>ThirdParty\FMOD</Filter>
    </None>
    <None Include="Program\SubSystem\Renderer\Shader\PBR.hlsli">
      <Filter>SubSystem\Renderer\Shader</Filter>
    </None>
    <None Include="Program\SubSystem\Renderer\Shader\Blur.hlsli">
      <Filter>SubSystem\Renderer\Shader\PostEffect</Filter>
    </None>
    <None Include="Program\SubSystem\Renderer\Shader\Core.hlsli">
      <Filter>SubSystem\Renderer\Shader\Core</Filter>
    </None>
    <None Include="Program\SubSystem\Renderer\Shader\Light.hlsli">
      <Filter>SubSystem\Renderer\Shader\Core</Filter>
    </None>
  </ItemGroup>
  <ItemGroup>
    <FxCompile Include="Program\SubSystem\Renderer\Shader\LambertVS.hlsl">
      <Filter>SubSystem\Renderer\Shader</Filter>
    </FxCompile>
    <FxCompile Include="Program\SubSystem\Renderer\Shader\PBR_PS.hlsl">
      <Filter>SubSystem\Renderer\Shader</Filter>
    </FxCompile>
    <FxCompile Include="Program\SubSystem\Renderer\Shader\PBR_VS.hlsl">
      <Filter>SubSystem\Renderer\Shader</Filter>
    </FxCompile>
    <FxCompile Include="Program\SubSystem\Renderer\Shader\TexturePS.hlsl">
      <Filter>SubSystem\Renderer\Shader</Filter>
    </FxCompile>
    <FxCompile Include="Program\SubSystem\Renderer\Shader\TextureVS.hlsl">
      <Filter>SubSystem\Renderer\Shader</Filter>
    </FxCompile>
    <FxCompile Include="Program\SubSystem\Renderer\Shader\BoxPS.hlsl">
      <Filter>SubSystem\Renderer\Shader</Filter>
    </FxCompile>
    <FxCompile Include="Program\SubSystem\Renderer\Shader\BoxVS.hlsl">
      <Filter>SubSystem\Renderer\Shader</Filter>
    </FxCompile>
    <FxCompile Include="Program\SubSystem\Renderer\Shader\LambertPS.hlsl">
      <Filter>SubSystem\Renderer\Shader</Filter>
    </FxCompile>
    <FxCompile Include="Program\SubSystem\Renderer\Shader\Texture2DVS.hlsl">
      <Filter>SubSystem\Renderer\Shader</Filter>
    </FxCompile>
    <FxCompile Include="Program\SubSystem\Renderer\Shader\BloomPS.hlsl">
      <Filter>SubSystem\Renderer\Shader\PostEffect</Filter>
    </FxCompile>
    <FxCompile Include="Program\SubSystem\Renderer\Shader\BlurPS.hlsl">
      <Filter>SubSystem\Renderer\Shader\PostEffect</Filter>
    </FxCompile>
    <FxCompile Include="Program\SubSystem\Renderer\Shader\DepthOfFieldPS.hlsl">
      <Filter>SubSystem\Renderer\Shader\PostEffect</Filter>
    </FxCompile>
    <FxCompile Include="Program\SubSystem\Renderer\Shader\LuminanceSamplingPS.hlsl">
      <Filter>SubSystem\Renderer\Shader\PostEffect</Filter>
    </FxCompile>
    <FxCompile Include="Program\SubSystem\Renderer\Shader\MonotonePS.hlsl">
      <Filter>SubSystem\Renderer\Shader\PostEffect</Filter>
    </FxCompile>
    <FxCompile Include="Program\SubSystem\Renderer\Shader\XBlurVS.hlsl">
      <Filter>SubSystem\Renderer\Shader\PostEffect</Filter>
    </FxCompile>
    <FxCompile Include="Program\SubSystem\Renderer\Shader\YBlurVS.hlsl">
      <Filter>SubSystem\Renderer\Shader\PostEffect</Filter>
    </FxCompile>
    <FxCompile Include="Program\SubSystem\Renderer\Shader\ColorTexturePS.hlsl">
      <Filter>SubSystem\Renderer\Shader</Filter>
    </FxCompile>
  </ItemGroup>
</Project>